
Microsoft Visual Studio Solution File, Format Version 12.00
# Visual Studio Version 16
VisualStudioVersion = 16.0.29009.5
MinimumVisualStudioVersion = 10.0.40219.1
Project("{FAE04EC0-301F-11D3-BF4B-00C04F79EFBC}") = "pheonix.ui", "pheonix.ui\pheonix.ui.csproj", "{A55B6663-689F-48FD-AEF7-C11073D2CC28}"
EndProject
Project("{2150E333-8FDC-42A3-9474-1A3956D46DE8}") = "Solution Items", "Solution Items", "{07AEDAF9-5F57-4970-B376-240ECEA95C90}"
	ProjectSection(SolutionItems) = preProject
		ReadMe.md = ReadMe.md
	EndProjectSection
EndProject
Global
	GlobalSection(SolutionConfigurationPlatforms) = preSolution
		Debug|Any CPU = Debug|Any CPU
		Release|Any CPU = Release|Any CPU
	EndGlobalSection
	GlobalSection(ProjectConfigurationPlatforms) = postSolution
		{A55B6663-689F-48FD-AEF7-C11073D2CC28}.Debug|Any CPU.ActiveCfg = Debug|Any CPU
		{A55B6663-689F-48FD-AEF7-C11073D2CC28}.Debug|Any CPU.Build.0 = Debug|Any CPU
		{A55B6663-689F-48FD-AEF7-C11073D2CC28}.Release|Any CPU.ActiveCfg = Release|Any CPU
		{A55B6663-689F-48FD-AEF7-C11073D2CC28}.Release|Any CPU.Build.0 = Release|Any CPU
	EndGlobalSection
	GlobalSection(SolutionProperties) = preSolution
		HideSolutionNode = FALSE
	EndGlobalSection
	GlobalSection(ExtensibilityGlobals) = postSolution
		SolutionGuid = {641560D9-4D84-4AD1-8BAF-1A3EC313D057}
	EndGlobalSection
EndGlobal
