
Microsoft Visual Studio Solution File, Format Version 12.00
# Visual Studio Version 16
VisualStudioVersion = 16.0.29025.244
MinimumVisualStudioVersion = 10.0.40219.1
Project("{FAE04EC0-301F-11D3-BF4B-00C04F79EFBC}") = "Phoenix", "Phoenix\Phoenix.csproj", "{D72DC537-46F5-4EDD-8634-130CCDD9E072}"
EndProject
Global
	GlobalSection(SolutionConfigurationPlatforms) = preSolution
		Debug|Any CPU = Debug|Any CPU
		Release|Any CPU = Release|Any CPU
	EndGlobalSection
	GlobalSection(ProjectConfigurationPlatforms) = postSolution
		{D72DC537-46F5-4EDD-8634-130CCDD9E072}.Debug|Any CPU.ActiveCfg = Debug|Any CPU
		{D72DC537-46F5-4EDD-8634-130CCDD9E072}.Debug|Any CPU.Build.0 = Debug|Any CPU
		{D72DC537-46F5-4EDD-8634-130CCDD9E072}.Release|Any CPU.ActiveCfg = Release|Any CPU
		{D72DC537-46F5-4EDD-8634-130CCDD9E072}.Release|Any CPU.Build.0 = Release|Any CPU
	EndGlobalSection
	GlobalSection(SolutionProperties) = preSolution
		HideSolutionNode = FALSE
	EndGlobalSection
	GlobalSection(ExtensibilityGlobals) = postSolution
		SolutionGuid = {45C7D30F-0146-4D8A-B159-91D1BF1131A5}
	EndGlobalSection
EndGlobal
